// !$*UTF8*$!
{
	archiveVersion = 1;
	classes = {
	};
	objectVersion = 46;
	objects = {

/* Begin PBXBuildFile section */
		97515FA11C5E913500042C90 /* AppDelegate.swift in Sources */ = {isa = PBXBuildFile; fileRef = 97515FA01C5E913500042C90 /* AppDelegate.swift */; };
		97515FA31C5E913500042C90 /* SearchViewController.swift in Sources */ = {isa = PBXBuildFile; fileRef = 97515FA21C5E913500042C90 /* SearchViewController.swift */; };
		97515FA61C5E913500042C90 /* Main.storyboard in Resources */ = {isa = PBXBuildFile; fileRef = 97515FA41C5E913500042C90 /* Main.storyboard */; };
		97515FA81C5E913500042C90 /* Assets.xcassets in Resources */ = {isa = PBXBuildFile; fileRef = 97515FA71C5E913500042C90 /* Assets.xcassets */; };
		97515FAB1C5E913500042C90 /* LaunchScreen.storyboard in Resources */ = {isa = PBXBuildFile; fileRef = 97515FA91C5E913500042C90 /* LaunchScreen.storyboard */; };
		97515FB31C5F08B100042C90 /* SearchResult.swift in Sources */ = {isa = PBXBuildFile; fileRef = 97515FB21C5F08B100042C90 /* SearchResult.swift */; };
		97515FB51C5F10CD00042C90 /* SearchResultCell.xib in Resources */ = {isa = PBXBuildFile; fileRef = 97515FB41C5F10CD00042C90 /* SearchResultCell.xib */; };
		97515FB71C5F17A500042C90 /* SearchResultCell.swift in Sources */ = {isa = PBXBuildFile; fileRef = 97515FB61C5F17A500042C90 /* SearchResultCell.swift */; };
		97515FB91C5F1B5800042C90 /* NothingFoundCell.xib in Resources */ = {isa = PBXBuildFile; fileRef = 97515FB81C5F1B5800042C90 /* NothingFoundCell.xib */; };
		97515FBB1C63236A00042C90 /* LoadingCell.xib in Resources */ = {isa = PBXBuildFile; fileRef = 97515FBA1C63236A00042C90 /* LoadingCell.xib */; };
/* End PBXBuildFile section */

/* Begin PBXFileReference section */
		97515F9D1C5E913500042C90 /* StoreSearch.app */ = {isa = PBXFileReference; explicitFileType = wrapper.application; includeInIndex = 0; path = StoreSearch.app; sourceTree = BUILT_PRODUCTS_DIR; };
		97515FA01C5E913500042C90 /* AppDelegate.swift */ = {isa = PBXFileReference; lastKnownFileType = sourcecode.swift; path = AppDelegate.swift; sourceTree = "<group>"; };
		97515FA21C5E913500042C90 /* SearchViewController.swift */ = {isa = PBXFileReference; lastKnownFileType = sourcecode.swift; path = SearchViewController.swift; sourceTree = "<group>"; };
		97515FA51C5E913500042C90 /* Base */ = {isa = PBXFileReference; lastKnownFileType = file.storyboard; name = Base; path = Base.lproj/Main.storyboard; sourceTree = "<group>"; };
		97515FA71C5E913500042C90 /* Assets.xcassets */ = {isa = PBXFileReference; lastKnownFileType = folder.assetcatalog; path = Assets.xcassets; sourceTree = "<group>"; };
		97515FAA1C5E913500042C90 /* Base */ = {isa = PBXFileReference; lastKnownFileType = file.storyboard; name = Base; path = Base.lproj/LaunchScreen.storyboard; sourceTree = "<group>"; };
		97515FAC1C5E913500042C90 /* Info.plist */ = {isa = PBXFileReference; lastKnownFileType = text.plist.xml; path = Info.plist; sourceTree = "<group>"; };
		97515FB21C5F08B100042C90 /* SearchResult.swift */ = {isa = PBXFileReference; fileEncoding = 4; lastKnownFileType = sourcecode.swift; path = SearchResult.swift; sourceTree = "<group>"; };
		97515FB41C5F10CD00042C90 /* SearchResultCell.xib */ = {isa = PBXFileReference; fileEncoding = 4; lastKnownFileType = file.xib; path = SearchResultCell.xib; sourceTree = "<group>"; };
		97515FB61C5F17A500042C90 /* SearchResultCell.swift */ = {isa = PBXFileReference; fileEncoding = 4; lastKnownFileType = sourcecode.swift; path = SearchResultCell.swift; sourceTree = "<group>"; };
		97515FB81C5F1B5800042C90 /* NothingFoundCell.xib */ = {isa = PBXFileReference; fileEncoding = 4; lastKnownFileType = file.xib; path = NothingFoundCell.xib; sourceTree = "<group>"; };
		97515FBA1C63236A00042C90 /* LoadingCell.xib */ = {isa = PBXFileReference; fileEncoding = 4; lastKnownFileType = file.xib; path = LoadingCell.xib; sourceTree = "<group>"; };
/* End PBXFileReference section */

/* Begin PBXFrameworksBuildPhase section */
		97515F9A1C5E913500042C90 /* Frameworks */ = {
			isa = PBXFrameworksBuildPhase;
			buildActionMask = 2147483647;
			files = (
			);
			runOnlyForDeploymentPostprocessing = 0;
		};
/* End PBXFrameworksBuildPhase section */

/* Begin PBXGroup section */
		97515F941C5E913500042C90 = {
			isa = PBXGroup;
			children = (
				97515FBA1C63236A00042C90 /* LoadingCell.xib */,
				97515FB81C5F1B5800042C90 /* NothingFoundCell.xib */,
				97515FB61C5F17A500042C90 /* SearchResultCell.swift */,
				97515FB41C5F10CD00042C90 /* SearchResultCell.xib */,
				97515F9F1C5E913500042C90 /* StoreSearch */,
				97515F9E1C5E913500042C90 /* Products */,
			);
			sourceTree = "<group>";
		};
		97515F9E1C5E913500042C90 /* Products */ = {
			isa = PBXGroup;
			children = (
				97515F9D1C5E913500042C90 /* StoreSearch.app */,
			);
			name = Products;
			sourceTree = "<group>";
		};
		97515F9F1C5E913500042C90 /* StoreSearch */ = {
			isa = PBXGroup;
			children = (
				97515FA01C5E913500042C90 /* AppDelegate.swift */,
				97515FA21C5E913500042C90 /* SearchViewController.swift */,
				97515FA41C5E913500042C90 /* Main.storyboard */,
				97515FA71C5E913500042C90 /* Assets.xcassets */,
				97515FA91C5E913500042C90 /* LaunchScreen.storyboard */,
				97515FAC1C5E913500042C90 /* Info.plist */,
				97515FB21C5F08B100042C90 /* SearchResult.swift */,
			);
			path = StoreSearch;
			sourceTree = "<group>";
		};
/* End PBXGroup section */

/* Begin PBXNativeTarget section */
		97515F9C1C5E913500042C90 /* StoreSearch */ = {
			isa = PBXNativeTarget;
			buildConfigurationList = 97515FAF1C5E913500042C90 /* Build configuration list for PBXNativeTarget "StoreSearch" */;
			buildPhases = (
				97515F991C5E913500042C90 /* Sources */,
				97515F9A1C5E913500042C90 /* Frameworks */,
				97515F9B1C5E913500042C90 /* Resources */,
			);
			buildRules = (
			);
			dependencies = (
			);
			name = StoreSearch;
			productName = StoreSearch;
			productReference = 97515F9D1C5E913500042C90 /* StoreSearch.app */;
			productType = "com.apple.product-type.application";
		};
/* End PBXNativeTarget section */

/* Begin PBXProject section */
		97515F951C5E913500042C90 /* Project object */ = {
			isa = PBXProject;
			attributes = {
				LastSwiftUpdateCheck = 0720;
				LastUpgradeCheck = 0720;
				ORGANIZATIONNAME = "Frantic Goose Applications";
				TargetAttributes = {
					97515F9C1C5E913500042C90 = {
						CreatedOnToolsVersion = 7.2;
					};
				};
			};
			buildConfigurationList = 97515F981C5E913500042C90 /* Build configuration list for PBXProject "StoreSearch" */;
			compatibilityVersion = "Xcode 3.2";
			developmentRegion = English;
			hasScannedForEncodings = 0;
			knownRegions = (
				en,
				Base,
			);
			mainGroup = 97515F941C5E913500042C90;
			productRefGroup = 97515F9E1C5E913500042C90 /* Products */;
			projectDirPath = "";
			projectRoot = "";
			targets = (
				97515F9C1C5E913500042C90 /* StoreSearch */,
			);
		};
/* End PBXProject section */

/* Begin PBXResourcesBuildPhase section */
		97515F9B1C5E913500042C90 /* Resources */ = {
			isa = PBXResourcesBuildPhase;
			buildActionMask = 2147483647;
			files = (
				97515FAB1C5E913500042C90 /* LaunchScreen.storyboard in Resources */,
				97515FA81C5E913500042C90 /* Assets.xcassets in Resources */,
				97515FBB1C63236A00042C90 /* LoadingCell.xib in Resources */,
				97515FB51C5F10CD00042C90 /* SearchResultCell.xib in Resources */,
				97515FB91C5F1B5800042C90 /* NothingFoundCell.xib in Resources */,
				97515FA61C5E913500042C90 /* Main.storyboard in Resources */,
			);
			runOnlyForDeploymentPostprocessing = 0;
		};
/* End PBXResourcesBuildPhase section */

/* Begin PBXSourcesBuildPhase section */
		97515F991C5E913500042C90 /* Sources */ = {
			isa = PBXSourcesBuildPhase;
			buildActionMask = 2147483647;
			files = (
				97515FA31C5E913500042C90 /* SearchViewController.swift in Sources */,
				97515FB31C5F08B100042C90 /* SearchResult.swift in Sources */,
				97515FB71C5F17A500042C90 /* SearchResultCell.swift in Sources */,
				97515FA11C5E913500042C90 /* AppDelegate.swift in Sources */,
			);
			runOnlyForDeploymentPostprocessing = 0;
		};
/* End PBXSourcesBuildPhase section */

/* Begin PBXVariantGroup section */
		97515FA41C5E913500042C90 /* Main.storyboard */ = {
			isa = PBXVariantGroup;
			children = (
				97515FA51C5E913500042C90 /* Base */,
			);
			name = Main.storyboard;
			sourceTree = "<group>";
		};
		97515FA91C5E913500042C90 /* LaunchScreen.storyboard */ = {
			isa = PBXVariantGroup;
			children = (
				97515FAA1C5E913500042C90 /* Base */,
			);
			name = LaunchScreen.storyboard;
			sourceTree = "<group>";
		};
/* End PBXVariantGroup section */

/* Begin XCBuildConfiguration section */
		97515FAD1C5E913500042C90 /* Debug */ = {
			isa = XCBuildConfiguration;
			buildSettings = {
				ALWAYS_SEARCH_USER_PATHS = NO;
				CLANG_CXX_LANGUAGE_STANDARD = "gnu++0x";
				CLANG_CXX_LIBRARY = "libc++";
				CLANG_ENABLE_MODULES = YES;
				CLANG_ENABLE_OBJC_ARC = YES;
				CLANG_WARN_BOOL_CONVERSION = YES;
				CLANG_WARN_CONSTANT_CONVERSION = YES;
				CLANG_WARN_DIRECT_OBJC_ISA_USAGE = YES_ERROR;
				CLANG_WARN_EMPTY_BODY = YES;
				CLANG_WARN_ENUM_CONVERSION = YES;
				CLANG_WARN_INT_CONVERSION = YES;
				CLANG_WARN_OBJC_ROOT_CLASS = YES_ERROR;
				CLANG_WARN_UNREACHABLE_CODE = YES;
				CLANG_WARN__DUPLICATE_METHOD_MATCH = YES;
				"CODE_SIGN_IDENTITY[sdk=iphoneos*]" = "iPhone Developer";
				COPY_PHASE_STRIP = NO;
				DEBUG_INFORMATION_FORMAT = dwarf;
				ENABLE_STRICT_OBJC_MSGSEND = YES;
				ENABLE_TESTABILITY = YES;
				GCC_C_LANGUAGE_STANDARD = gnu99;
				GCC_DYNAMIC_NO_PIC = NO;
				GCC_NO_COMMON_BLOCKS = YES;
				GCC_OPTIMIZATION_LEVEL = 0;
				GCC_PREPROCESSOR_DEFINITIONS = (
					"DEBUG=1",
					"$(inherited)",
				);
				GCC_WARN_64_TO_32_BIT_CONVERSION = YES;
				GCC_WARN_ABOUT_RETURN_TYPE = YES_ERROR;
				GCC_WARN_UNDECLARED_SELECTOR = YES;
				GCC_WARN_UNINITIALIZED_AUTOS = YES_AGGRESSIVE;
				GCC_WARN_UNUSED_FUNCTION = YES;
				GCC_WARN_UNUSED_VARIABLE = YES;
				IPHONEOS_DEPLOYMENT_TARGET = 9.2;
				MTL_ENABLE_DEBUG_INFO = YES;
				ONLY_ACTIVE_ARCH = YES;
				SDKROOT = iphoneos;
				SWIFT_OPTIMIZATION_LEVEL = "-Onone";
			};
			name = Debug;
		};
		97515FAE1C5E913500042C90 /* Release */ = {
			isa = XCBuildConfiguration;
			buildSettings = {
				ALWAYS_SEARCH_USER_PATHS = NO;
				CLANG_CXX_LANGUAGE_STANDARD = "gnu++0x";
				CLANG_CXX_LIBRARY = "libc++";
				CLANG_ENABLE_MODULES = YES;
				CLANG_ENABLE_OBJC_ARC = YES;
				CLANG_WARN_BOOL_CONVERSION = YES;
				CLANG_WARN_CONSTANT_CONVERSION = YES;
				CLANG_WARN_DIRECT_OBJC_ISA_USAGE = YES_ERROR;
				CLANG_WARN_EMPTY_BODY = YES;
				CLANG_WARN_ENUM_CONVERSION = YES;
				CLANG_WARN_INT_CONVERSION = YES;
				CLANG_WARN_OBJC_ROOT_CLASS = YES_ERROR;
				CLANG_WARN_UNREACHABLE_CODE = YES;
				CLANG_WARN__DUPLICATE_METHOD_MATCH = YES;
				"CODE_SIGN_IDENTITY[sdk=iphoneos*]" = "iPhone Developer";
				COPY_PHASE_STRIP = NO;
				DEBUG_INFORMATION_FORMAT = "dwarf-with-dsym";
				ENABLE_NS_ASSERTIONS = NO;
				ENABLE_STRICT_OBJC_MSGSEND = YES;
				GCC_C_LANGUAGE_STANDARD = gnu99;
				GCC_NO_COMMON_BLOCKS = YES;
				GCC_WARN_64_TO_32_BIT_CONVERSION = YES;
				GCC_WARN_ABOUT_RETURN_TYPE = YES_ERROR;
				GCC_WARN_UNDECLARED_SELECTOR = YES;
				GCC_WARN_UNINITIALIZED_AUTOS = YES_AGGRESSIVE;
				GCC_WARN_UNUSED_FUNCTION = YES;
				GCC_WARN_UNUSED_VARIABLE = YES;
				IPHONEOS_DEPLOYMENT_TARGET = 9.2;
				MTL_ENABLE_DEBUG_INFO = NO;
				SDKROOT = iphoneos;
				VALIDATE_PRODUCT = YES;
			};
			name = Release;
		};
		97515FB01C5E913500042C90 /* Debug */ = {
			isa = XCBuildConfiguration;
			buildSettings = {
				ASSETCATALOG_COMPILER_APPICON_NAME = AppIcon;
				INFOPLIST_FILE = StoreSearch/Info.plist;
				IPHONEOS_DEPLOYMENT_TARGET = 8.4;
				LD_RUNPATH_SEARCH_PATHS = "$(inherited) @executable_path/Frameworks";
				PRODUCT_BUNDLE_IDENTIFIER = com.franticgoose.StoreSearch;
				PRODUCT_NAME = "$(TARGET_NAME)";
			};
			name = Debug;
		};
		97515FB11C5E913500042C90 /* Release */ = {
			isa = XCBuildConfiguration;
			buildSettings = {
				ASSETCATALOG_COMPILER_APPICON_NAME = AppIcon;
				INFOPLIST_FILE = StoreSearch/Info.plist;
				IPHONEOS_DEPLOYMENT_TARGET = 8.4;
				LD_RUNPATH_SEARCH_PATHS = "$(inherited) @executable_path/Frameworks";
				PRODUCT_BUNDLE_IDENTIFIER = com.franticgoose.StoreSearch;
				PRODUCT_NAME = "$(TARGET_NAME)";
			};
			name = Release;
		};
/* End XCBuildConfiguration section */

/* Begin XCConfigurationList section */
		97515F981C5E913500042C90 /* Build configuration list for PBXProject "StoreSearch" */ = {
			isa = XCConfigurationList;
			buildConfigurations = (
				97515FAD1C5E913500042C90 /* Debug */,
				97515FAE1C5E913500042C90 /* Release */,
			);
			defaultConfigurationIsVisible = 0;
			defaultConfigurationName = Release;
		};
		97515FAF1C5E913500042C90 /* Build configuration list for PBXNativeTarget "StoreSearch" */ = {
			isa = XCConfigurationList;
			buildConfigurations = (
				97515FB01C5E913500042C90 /* Debug */,
				97515FB11C5E913500042C90 /* Release */,
			);
			defaultConfigurationIsVisible = 0;
		};
/* End XCConfigurationList section */
	};
	rootObject = 97515F951C5E913500042C90 /* Project object */;
}
